
Microsoft Visual Studio Solution File, Format Version 12.00
# Visual Studio 15
VisualStudioVersion = 15.0.27703.2035
MinimumVisualStudioVersion = 10.0.40219.1
Project("{FAE04EC0-301F-11D3-BF4B-00C04F79EFBC}") = "PizzaStore.Library", "PizzaStore.Library\PizzaStore.Library.csproj", "{AAE8DF61-E82E-4CBF-9E0F-3E5E68D1CB08}"
EndProject
Project("{FAE04EC0-301F-11D3-BF4B-00C04F79EFBC}") = "PizzaStore.UI", "PizzaStore.UI\PizzaStore.UI.csproj", "{46077A5E-6900-4324-BA5E-50952FA1DD87}"
EndProject
Project("{FAE04EC0-301F-11D3-BF4B-00C04F79EFBC}") = "PizzaStore.Test", "PizzaStore.Test\PizzaStore.Test.csproj", "{9C0C78C8-D835-4F65-B9A8-223F77E8BDEF}"
EndProject
Global
	GlobalSection(SolutionConfigurationPlatforms) = preSolution
		Debug|Any CPU = Debug|Any CPU
		Release|Any CPU = Release|Any CPU
	EndGlobalSection
	GlobalSection(ProjectConfigurationPlatforms) = postSolution
		{AAE8DF61-E82E-4CBF-9E0F-3E5E68D1CB08}.Debug|Any CPU.ActiveCfg = Debug|Any CPU
		{AAE8DF61-E82E-4CBF-9E0F-3E5E68D1CB08}.Debug|Any CPU.Build.0 = Debug|Any CPU
		{AAE8DF61-E82E-4CBF-9E0F-3E5E68D1CB08}.Release|Any CPU.ActiveCfg = Release|Any CPU
		{AAE8DF61-E82E-4CBF-9E0F-3E5E68D1CB08}.Release|Any CPU.Build.0 = Release|Any CPU
		{46077A5E-6900-4324-BA5E-50952FA1DD87}.Debug|Any CPU.ActiveCfg = Debug|Any CPU
		{46077A5E-6900-4324-BA5E-50952FA1DD87}.Debug|Any CPU.Build.0 = Debug|Any CPU
		{46077A5E-6900-4324-BA5E-50952FA1DD87}.Release|Any CPU.ActiveCfg = Release|Any CPU
		{46077A5E-6900-4324-BA5E-50952FA1DD87}.Release|Any CPU.Build.0 = Release|Any CPU
		{9C0C78C8-D835-4F65-B9A8-223F77E8BDEF}.Debug|Any CPU.ActiveCfg = Debug|Any CPU
		{9C0C78C8-D835-4F65-B9A8-223F77E8BDEF}.Debug|Any CPU.Build.0 = Debug|Any CPU
		{9C0C78C8-D835-4F65-B9A8-223F77E8BDEF}.Release|Any CPU.ActiveCfg = Release|Any CPU
		{9C0C78C8-D835-4F65-B9A8-223F77E8BDEF}.Release|Any CPU.Build.0 = Release|Any CPU
	EndGlobalSection
	GlobalSection(SolutionProperties) = preSolution
		HideSolutionNode = FALSE
	EndGlobalSection
	GlobalSection(ExtensibilityGlobals) = postSolution
		SolutionGuid = {4C034A5C-3AA5-43A4-B638-9DE9FCD4CCB6}
	EndGlobalSection
EndGlobal
